# This file is automatically @generated by Cargo.
# It is not intended for manual editing.
version = 3

[[package]]
name = "daemon"
version = "0.1.0"
dependencies = [
 "json",
 "sysinfo",
]

[[package]]
name = "json"
version = "0.12.4"
source = "registry+https://github.com/rust-lang/crates.io-index"
checksum = "078e285eafdfb6c4b434e0d31e8cfcb5115b651496faca5749b88fafd4f23bfd"

[[package]]
name = "libc"
version = "0.2.132"
source = "registry+https://github.com/rust-lang/crates.io-index"
checksum = "8371e4e5341c3a96db127eb2465ac681ced4c433e01dd0e938adbef26ba93ba5"

[[package]]
name = "sysinfo"
version = "0.2.10"
source = "registry+https://github.com/rust-lang/crates.io-index"
checksum = "2d89bda38f2dd38b515181730f3dd8c6b23bcc286f96604cbcb048f4e394dd55"
dependencies = [
 "libc",
]
